{
  "version": "5",
  "specifiers": {
    "jsr:@denext/photon@~0.3.6": "0.3.6",
    "jsr:@std/assert@*": "1.0.19",
    "jsr:@std/assert@^1.0.19": "1.0.19",
    "jsr:@std/encoding@^1.0.11": "1.0.11",
    "jsr:@std/internal@^1.0.12": "1.0.14",
    "jsr:@tksh/svg2ui8a@0.5": "0.5.0"
  },
  "jsr": {
    "@denext/photon@0.3.6": {
      "integrity": "a7ed32df0786fe71d793b387b8c34742b8a97975ed04cdd8ee067222af96cb68"
    },
    "@std/assert@1.0.19": {
      "integrity": "eaada96ee120cb980bc47e040f82814d786fe8162ecc53c91d8df60b8755991e",
      "dependencies": [
        "jsr:@std/internal"
      ]
    },
    "@std/encoding@1.0.11": {
      "integrity": "e7cef2f0b3153bccc17431e7c864a1de03a4b6d9647389c43e08aaa775d37385"
    },
    "@std/internal@1.0.14": {
      "integrity": "291516b3d4c35024d6ffbc0a9df5bf4c64116e05b50012cf846710152d2ffdf7"
    },
    "@tksh/svg2ui8a@0.5.0": {
      "integrity": "ab08fa804848b4e1b37936fed9bcb696752d5704975713fd4baaedd6e97b6f29"
    }
  },
  "workspace": {
    "dependencies": [
      "jsr:@denext/photon@~0.3.6",
      "jsr:@std/assert@^1.0.19",
      "jsr:@std/encoding@^1.0.11",
      "jsr:@tksh/svg2ui8a@0.5"
    ]
  }
}
